// !$*UTF8*$!
{
	archiveVersion = 1;
	classes = {
	};
	objectVersion = 50;
	objects = {

/* Begin PBXBuildFile section */
		CF16A287265C2DA000FA8D4F /* AppDelegate.swift in Sources */ = {isa = PBXBuildFile; fileRef = CF16A286265C2DA000FA8D4F /* AppDelegate.swift */; };
		CF16A289265C2DA000FA8D4F /* SceneDelegate.swift in Sources */ = {isa = PBXBuildFile; fileRef = CF16A288265C2DA000FA8D4F /* SceneDelegate.swift */; };
		CF16A28E265C2DA000FA8D4F /* Main.storyboard in Resources */ = {isa = PBXBuildFile; fileRef = CF16A28C265C2DA000FA8D4F /* Main.storyboard */; };
		CF16A291265C2DA000FA8D4F /* keyflowtest.xcdatamodeld in Sources */ = {isa = PBXBuildFile; fileRef = CF16A28F265C2DA000FA8D4F /* keyflowtest.xcdatamodeld */; };
		CF16A293265C2DA100FA8D4F /* Assets.xcassets in Resources */ = {isa = PBXBuildFile; fileRef = CF16A292265C2DA100FA8D4F /* Assets.xcassets */; };
		CF16A296265C2DA100FA8D4F /* LaunchScreen.storyboard in Resources */ = {isa = PBXBuildFile; fileRef = CF16A294265C2DA100FA8D4F /* LaunchScreen.storyboard */; };
		CF16A2A7265C2FB100FA8D4F /* EventListViewController.swift in Sources */ = {isa = PBXBuildFile; fileRef = CF16A2A6265C2FB100FA8D4F /* EventListViewController.swift */; };
		CF16A2A9265C2FD000FA8D4F /* EventListViewModel.swift in Sources */ = {isa = PBXBuildFile; fileRef = CF16A2A8265C2FD000FA8D4F /* EventListViewModel.swift */; };
		CF16A2AD265C303200FA8D4F /* EventDetailedViewModel.swift in Sources */ = {isa = PBXBuildFile; fileRef = CF16A2AC265C303200FA8D4F /* EventDetailedViewModel.swift */; };
		CF16A2AF265C305400FA8D4F /* EventDetailedViewController.swift in Sources */ = {isa = PBXBuildFile; fileRef = CF16A2AE265C305400FA8D4F /* EventDetailedViewController.swift */; };
		CF16A2B4265C4F2800FA8D4F /* Event.swift in Sources */ = {isa = PBXBuildFile; fileRef = CF16A2B3265C4F2800FA8D4F /* Event.swift */; };
		CF16A2B7265C676D00FA8D4F /* EventTableViewCell.swift in Sources */ = {isa = PBXBuildFile; fileRef = CF16A2B5265C676D00FA8D4F /* EventTableViewCell.swift */; };
		CF16A2B8265C676D00FA8D4F /* EventTableViewCell.xib in Resources */ = {isa = PBXBuildFile; fileRef = CF16A2B6265C676D00FA8D4F /* EventTableViewCell.xib */; };
		CF16A2BA265CC4BE00FA8D4F /* Venue.swift in Sources */ = {isa = PBXBuildFile; fileRef = CF16A2B9265CC4BE00FA8D4F /* Venue.swift */; };
		CF16A2BC265CC4C800FA8D4F /* CombinedEvent.swift in Sources */ = {isa = PBXBuildFile; fileRef = CF16A2BB265CC4C800FA8D4F /* CombinedEvent.swift */; };
		CF16A2BE265CC4DE00FA8D4F /* EventData.swift in Sources */ = {isa = PBXBuildFile; fileRef = CF16A2BD265CC4DE00FA8D4F /* EventData.swift */; };
/* End PBXBuildFile section */

/* Begin PBXFileReference section */
		CF16A283265C2DA000FA8D4F /* keyflowtest.app */ = {isa = PBXFileReference; explicitFileType = wrapper.application; includeInIndex = 0; path = keyflowtest.app; sourceTree = BUILT_PRODUCTS_DIR; };
		CF16A286265C2DA000FA8D4F /* AppDelegate.swift */ = {isa = PBXFileReference; lastKnownFileType = sourcecode.swift; path = AppDelegate.swift; sourceTree = "<group>"; };
		CF16A288265C2DA000FA8D4F /* SceneDelegate.swift */ = {isa = PBXFileReference; lastKnownFileType = sourcecode.swift; path = SceneDelegate.swift; sourceTree = "<group>"; };
		CF16A28D265C2DA000FA8D4F /* Base */ = {isa = PBXFileReference; lastKnownFileType = file.storyboard; name = Base; path = Base.lproj/Main.storyboard; sourceTree = "<group>"; };
		CF16A290265C2DA000FA8D4F /* keyflowtest.xcdatamodel */ = {isa = PBXFileReference; lastKnownFileType = wrapper.xcdatamodel; path = keyflowtest.xcdatamodel; sourceTree = "<group>"; };
		CF16A292265C2DA100FA8D4F /* Assets.xcassets */ = {isa = PBXFileReference; lastKnownFileType = folder.assetcatalog; path = Assets.xcassets; sourceTree = "<group>"; };
		CF16A295265C2DA100FA8D4F /* Base */ = {isa = PBXFileReference; lastKnownFileType = file.storyboard; name = Base; path = Base.lproj/LaunchScreen.storyboard; sourceTree = "<group>"; };
		CF16A297265C2DA100FA8D4F /* Info.plist */ = {isa = PBXFileReference; lastKnownFileType = text.plist.xml; path = Info.plist; sourceTree = "<group>"; };
		CF16A2A6265C2FB100FA8D4F /* EventListViewController.swift */ = {isa = PBXFileReference; lastKnownFileType = sourcecode.swift; path = EventListViewController.swift; sourceTree = "<group>"; };
		CF16A2A8265C2FD000FA8D4F /* EventListViewModel.swift */ = {isa = PBXFileReference; lastKnownFileType = sourcecode.swift; path = EventListViewModel.swift; sourceTree = "<group>"; };
		CF16A2AC265C303200FA8D4F /* EventDetailedViewModel.swift */ = {isa = PBXFileReference; lastKnownFileType = sourcecode.swift; path = EventDetailedViewModel.swift; sourceTree = "<group>"; };
		CF16A2AE265C305400FA8D4F /* EventDetailedViewController.swift */ = {isa = PBXFileReference; lastKnownFileType = sourcecode.swift; path = EventDetailedViewController.swift; sourceTree = "<group>"; };
		CF16A2B3265C4F2800FA8D4F /* Event.swift */ = {isa = PBXFileReference; lastKnownFileType = sourcecode.swift; path = Event.swift; sourceTree = "<group>"; };
		CF16A2B5265C676D00FA8D4F /* EventTableViewCell.swift */ = {isa = PBXFileReference; lastKnownFileType = sourcecode.swift; path = EventTableViewCell.swift; sourceTree = "<group>"; };
		CF16A2B6265C676D00FA8D4F /* EventTableViewCell.xib */ = {isa = PBXFileReference; lastKnownFileType = file.xib; path = EventTableViewCell.xib; sourceTree = "<group>"; };
		CF16A2B9265CC4BE00FA8D4F /* Venue.swift */ = {isa = PBXFileReference; lastKnownFileType = sourcecode.swift; path = Venue.swift; sourceTree = "<group>"; };
		CF16A2BB265CC4C800FA8D4F /* CombinedEvent.swift */ = {isa = PBXFileReference; lastKnownFileType = sourcecode.swift; path = CombinedEvent.swift; sourceTree = "<group>"; };
		CF16A2BD265CC4DE00FA8D4F /* EventData.swift */ = {isa = PBXFileReference; lastKnownFileType = sourcecode.swift; path = EventData.swift; sourceTree = "<group>"; };
/* End PBXFileReference section */

/* Begin PBXFrameworksBuildPhase section */
		CF16A280265C2DA000FA8D4F /* Frameworks */ = {
			isa = PBXFrameworksBuildPhase;
			buildActionMask = 2147483647;
			files = (
			);
			runOnlyForDeploymentPostprocessing = 0;
		};
/* End PBXFrameworksBuildPhase section */

/* Begin PBXGroup section */
		CF16A27A265C2DA000FA8D4F = {
			isa = PBXGroup;
			children = (
				CF16A285265C2DA000FA8D4F /* keyflowtest */,
				CF16A284265C2DA000FA8D4F /* Products */,
			);
			sourceTree = "<group>";
		};
		CF16A284265C2DA000FA8D4F /* Products */ = {
			isa = PBXGroup;
			children = (
				CF16A283265C2DA000FA8D4F /* keyflowtest.app */,
			);
			name = Products;
			sourceTree = "<group>";
		};
		CF16A285265C2DA000FA8D4F /* keyflowtest */ = {
			isa = PBXGroup;
			children = (
				CF16A286265C2DA000FA8D4F /* AppDelegate.swift */,
				CF16A288265C2DA000FA8D4F /* SceneDelegate.swift */,
				CF16A28C265C2DA000FA8D4F /* Main.storyboard */,
				CF16A2B1265C4EE100FA8D4F /* Model */,
				CF16A2B2265C4EF300FA8D4F /* Scenes */,
				CF16A292265C2DA100FA8D4F /* Assets.xcassets */,
				CF16A294265C2DA100FA8D4F /* LaunchScreen.storyboard */,
				CF16A297265C2DA100FA8D4F /* Info.plist */,
				CF16A28F265C2DA000FA8D4F /* keyflowtest.xcdatamodeld */,
			);
			path = keyflowtest;
			sourceTree = "<group>";
		};
		CF16A2A4265C2EF800FA8D4F /* EventList */ = {
			isa = PBXGroup;
			children = (
				CF16A2A8265C2FD000FA8D4F /* EventListViewModel.swift */,
				CF16A2A6265C2FB100FA8D4F /* EventListViewController.swift */,
				CF16A2B5265C676D00FA8D4F /* EventTableViewCell.swift */,
				CF16A2B6265C676D00FA8D4F /* EventTableViewCell.xib */,
			);
			path = EventList;
			sourceTree = "<group>";
		};
		CF16A2A5265C2F0300FA8D4F /* EventDetailed */ = {
			isa = PBXGroup;
			children = (
				CF16A2AC265C303200FA8D4F /* EventDetailedViewModel.swift */,
				CF16A2AE265C305400FA8D4F /* EventDetailedViewController.swift */,
			);
			path = EventDetailed;
			sourceTree = "<group>";
		};
		CF16A2B1265C4EE100FA8D4F /* Model */ = {
			isa = PBXGroup;
			children = (
				CF16A2B3265C4F2800FA8D4F /* Event.swift */,
				CF16A2B9265CC4BE00FA8D4F /* Venue.swift */,
				CF16A2BB265CC4C800FA8D4F /* CombinedEvent.swift */,
				CF16A2BD265CC4DE00FA8D4F /* EventData.swift */,
			);
			path = Model;
			sourceTree = "<group>";
		};
		CF16A2B2265C4EF300FA8D4F /* Scenes */ = {
			isa = PBXGroup;
			children = (
				CF16A2A4265C2EF800FA8D4F /* EventList */,
				CF16A2A5265C2F0300FA8D4F /* EventDetailed */,
			);
			path = Scenes;
			sourceTree = "<group>";
		};
/* End PBXGroup section */

/* Begin PBXNativeTarget section */
		CF16A282265C2DA000FA8D4F /* keyflowtest */ = {
			isa = PBXNativeTarget;
			buildConfigurationList = CF16A29A265C2DA100FA8D4F /* Build configuration list for PBXNativeTarget "keyflowtest" */;
			buildPhases = (
				CF16A27F265C2DA000FA8D4F /* Sources */,
				CF16A280265C2DA000FA8D4F /* Frameworks */,
				CF16A281265C2DA000FA8D4F /* Resources */,
			);
			buildRules = (
			);
			dependencies = (
			);
			name = keyflowtest;
			productName = keyflowtest;
			productReference = CF16A283265C2DA000FA8D4F /* keyflowtest.app */;
			productType = "com.apple.product-type.application";
		};
/* End PBXNativeTarget section */

/* Begin PBXProject section */
		CF16A27B265C2DA000FA8D4F /* Project object */ = {
			isa = PBXProject;
			attributes = {
				LastSwiftUpdateCheck = 1250;
				LastUpgradeCheck = 1250;
				TargetAttributes = {
					CF16A282265C2DA000FA8D4F = {
						CreatedOnToolsVersion = 12.5;
					};
				};
			};
			buildConfigurationList = CF16A27E265C2DA000FA8D4F /* Build configuration list for PBXProject "keyflowtest" */;
			compatibilityVersion = "Xcode 9.3";
			developmentRegion = en;
			hasScannedForEncodings = 0;
			knownRegions = (
				en,
				Base,
			);
			mainGroup = CF16A27A265C2DA000FA8D4F;
			productRefGroup = CF16A284265C2DA000FA8D4F /* Products */;
			projectDirPath = "";
			projectRoot = "";
			targets = (
				CF16A282265C2DA000FA8D4F /* keyflowtest */,
			);
		};
/* End PBXProject section */

/* Begin PBXResourcesBuildPhase section */
		CF16A281265C2DA000FA8D4F /* Resources */ = {
			isa = PBXResourcesBuildPhase;
			buildActionMask = 2147483647;
			files = (
				CF16A2B8265C676D00FA8D4F /* EventTableViewCell.xib in Resources */,
				CF16A296265C2DA100FA8D4F /* LaunchScreen.storyboard in Resources */,
				CF16A293265C2DA100FA8D4F /* Assets.xcassets in Resources */,
				CF16A28E265C2DA000FA8D4F /* Main.storyboard in Resources */,
			);
			runOnlyForDeploymentPostprocessing = 0;
		};
/* End PBXResourcesBuildPhase section */

/* Begin PBXSourcesBuildPhase section */
		CF16A27F265C2DA000FA8D4F /* Sources */ = {
			isa = PBXSourcesBuildPhase;
			buildActionMask = 2147483647;
			files = (
				CF16A2B7265C676D00FA8D4F /* EventTableViewCell.swift in Sources */,
				CF16A2BA265CC4BE00FA8D4F /* Venue.swift in Sources */,
				CF16A2BE265CC4DE00FA8D4F /* EventData.swift in Sources */,
				CF16A2B4265C4F2800FA8D4F /* Event.swift in Sources */,
				CF16A2A7265C2FB100FA8D4F /* EventListViewController.swift in Sources */,
				CF16A2AD265C303200FA8D4F /* EventDetailedViewModel.swift in Sources */,
				CF16A291265C2DA000FA8D4F /* keyflowtest.xcdatamodeld in Sources */,
				CF16A2A9265C2FD000FA8D4F /* EventListViewModel.swift in Sources */,
				CF16A287265C2DA000FA8D4F /* AppDelegate.swift in Sources */,
				CF16A2BC265CC4C800FA8D4F /* CombinedEvent.swift in Sources */,
				CF16A289265C2DA000FA8D4F /* SceneDelegate.swift in Sources */,
				CF16A2AF265C305400FA8D4F /* EventDetailedViewController.swift in Sources */,
			);
			runOnlyForDeploymentPostprocessing = 0;
		};
/* End PBXSourcesBuildPhase section */

/* Begin PBXVariantGroup section */
		CF16A28C265C2DA000FA8D4F /* Main.storyboard */ = {
			isa = PBXVariantGroup;
			children = (
				CF16A28D265C2DA000FA8D4F /* Base */,
			);
			name = Main.storyboard;
			sourceTree = "<group>";
		};
		CF16A294265C2DA100FA8D4F /* LaunchScreen.storyboard */ = {
			isa = PBXVariantGroup;
			children = (
				CF16A295265C2DA100FA8D4F /* Base */,
			);
			name = LaunchScreen.storyboard;
			sourceTree = "<group>";
		};
/* End PBXVariantGroup section */

/* Begin XCBuildConfiguration section */
		CF16A298265C2DA100FA8D4F /* Debug */ = {
			isa = XCBuildConfiguration;
			buildSettings = {
				ALWAYS_SEARCH_USER_PATHS = NO;
				CLANG_ANALYZER_NONNULL = YES;
				CLANG_ANALYZER_NUMBER_OBJECT_CONVERSION = YES_AGGRESSIVE;
				CLANG_CXX_LANGUAGE_STANDARD = "gnu++14";
				CLANG_CXX_LIBRARY = "libc++";
				CLANG_ENABLE_MODULES = YES;
				CLANG_ENABLE_OBJC_ARC = YES;
				CLANG_ENABLE_OBJC_WEAK = YES;
				CLANG_WARN_BLOCK_CAPTURE_AUTORELEASING = YES;
				CLANG_WARN_BOOL_CONVERSION = YES;
				CLANG_WARN_COMMA = YES;
				CLANG_WARN_CONSTANT_CONVERSION = YES;
				CLANG_WARN_DEPRECATED_OBJC_IMPLEMENTATIONS = YES;
				CLANG_WARN_DIRECT_OBJC_ISA_USAGE = YES_ERROR;
				CLANG_WARN_DOCUMENTATION_COMMENTS = YES;
				CLANG_WARN_EMPTY_BODY = YES;
				CLANG_WARN_ENUM_CONVERSION = YES;
				CLANG_WARN_INFINITE_RECURSION = YES;
				CLANG_WARN_INT_CONVERSION = YES;
				CLANG_WARN_NON_LITERAL_NULL_CONVERSION = YES;
				CLANG_WARN_OBJC_IMPLICIT_RETAIN_SELF = YES;
				CLANG_WARN_OBJC_LITERAL_CONVERSION = YES;
				CLANG_WARN_OBJC_ROOT_CLASS = YES_ERROR;
				CLANG_WARN_QUOTED_INCLUDE_IN_FRAMEWORK_HEADER = YES;
				CLANG_WARN_RANGE_LOOP_ANALYSIS = YES;
				CLANG_WARN_STRICT_PROTOTYPES = YES;
				CLANG_WARN_SUSPICIOUS_MOVE = YES;
				CLANG_WARN_UNGUARDED_AVAILABILITY = YES_AGGRESSIVE;
				CLANG_WARN_UNREACHABLE_CODE = YES;
				CLANG_WARN__DUPLICATE_METHOD_MATCH = YES;
				COPY_PHASE_STRIP = NO;
				DEBUG_INFORMATION_FORMAT = dwarf;
				ENABLE_STRICT_OBJC_MSGSEND = YES;
				ENABLE_TESTABILITY = YES;
				GCC_C_LANGUAGE_STANDARD = gnu11;
				GCC_DYNAMIC_NO_PIC = NO;
				GCC_NO_COMMON_BLOCKS = YES;
				GCC_OPTIMIZATION_LEVEL = 0;
				GCC_PREPROCESSOR_DEFINITIONS = (
					"DEBUG=1",
					"$(inherited)",
				);
				GCC_WARN_64_TO_32_BIT_CONVERSION = YES;
				GCC_WARN_ABOUT_RETURN_TYPE = YES_ERROR;
				GCC_WARN_UNDECLARED_SELECTOR = YES;
				GCC_WARN_UNINITIALIZED_AUTOS = YES_AGGRESSIVE;
				GCC_WARN_UNUSED_FUNCTION = YES;
				GCC_WARN_UNUSED_VARIABLE = YES;
				IPHONEOS_DEPLOYMENT_TARGET = 14.5;
				MTL_ENABLE_DEBUG_INFO = INCLUDE_SOURCE;
				MTL_FAST_MATH = YES;
				ONLY_ACTIVE_ARCH = YES;
				SDKROOT = iphoneos;
				SWIFT_ACTIVE_COMPILATION_CONDITIONS = DEBUG;
				SWIFT_OPTIMIZATION_LEVEL = "-Onone";
			};
			name = Debug;
		};
		CF16A299265C2DA100FA8D4F /* Release */ = {
			isa = XCBuildConfiguration;
			buildSettings = {
				ALWAYS_SEARCH_USER_PATHS = NO;
				CLANG_ANALYZER_NONNULL = YES;
				CLANG_ANALYZER_NUMBER_OBJECT_CONVERSION = YES_AGGRESSIVE;
				CLANG_CXX_LANGUAGE_STANDARD = "gnu++14";
				CLANG_CXX_LIBRARY = "libc++";
				CLANG_ENABLE_MODULES = YES;
				CLANG_ENABLE_OBJC_ARC = YES;
				CLANG_ENABLE_OBJC_WEAK = YES;
				CLANG_WARN_BLOCK_CAPTURE_AUTORELEASING = YES;
				CLANG_WARN_BOOL_CONVERSION = YES;
				CLANG_WARN_COMMA = YES;
				CLANG_WARN_CONSTANT_CONVERSION = YES;
				CLANG_WARN_DEPRECATED_OBJC_IMPLEMENTATIONS = YES;
				CLANG_WARN_DIRECT_OBJC_ISA_USAGE = YES_ERROR;
				CLANG_WARN_DOCUMENTATION_COMMENTS = YES;
				CLANG_WARN_EMPTY_BODY = YES;
				CLANG_WARN_ENUM_CONVERSION = YES;
				CLANG_WARN_INFINITE_RECURSION = YES;
				CLANG_WARN_INT_CONVERSION = YES;
				CLANG_WARN_NON_LITERAL_NULL_CONVERSION = YES;
				CLANG_WARN_OBJC_IMPLICIT_RETAIN_SELF = YES;
				CLANG_WARN_OBJC_LITERAL_CONVERSION = YES;
				CLANG_WARN_OBJC_ROOT_CLASS = YES_ERROR;
				CLANG_WARN_QUOTED_INCLUDE_IN_FRAMEWORK_HEADER = YES;
				CLANG_WARN_RANGE_LOOP_ANALYSIS = YES;
				CLANG_WARN_STRICT_PROTOTYPES = YES;
				CLANG_WARN_SUSPICIOUS_MOVE = YES;
				CLANG_WARN_UNGUARDED_AVAILABILITY = YES_AGGRESSIVE;
				CLANG_WARN_UNREACHABLE_CODE = YES;
				CLANG_WARN__DUPLICATE_METHOD_MATCH = YES;
				COPY_PHASE_STRIP = NO;
				DEBUG_INFORMATION_FORMAT = "dwarf-with-dsym";
				ENABLE_NS_ASSERTIONS = NO;
				ENABLE_STRICT_OBJC_MSGSEND = YES;
				GCC_C_LANGUAGE_STANDARD = gnu11;
				GCC_NO_COMMON_BLOCKS = YES;
				GCC_WARN_64_TO_32_BIT_CONVERSION = YES;
				GCC_WARN_ABOUT_RETURN_TYPE = YES_ERROR;
				GCC_WARN_UNDECLARED_SELECTOR = YES;
				GCC_WARN_UNINITIALIZED_AUTOS = YES_AGGRESSIVE;
				GCC_WARN_UNUSED_FUNCTION = YES;
				GCC_WARN_UNUSED_VARIABLE = YES;
				IPHONEOS_DEPLOYMENT_TARGET = 14.5;
				MTL_ENABLE_DEBUG_INFO = NO;
				MTL_FAST_MATH = YES;
				SDKROOT = iphoneos;
				SWIFT_COMPILATION_MODE = wholemodule;
				SWIFT_OPTIMIZATION_LEVEL = "-O";
				VALIDATE_PRODUCT = YES;
			};
			name = Release;
		};
		CF16A29B265C2DA100FA8D4F /* Debug */ = {
			isa = XCBuildConfiguration;
			buildSettings = {
				ASSETCATALOG_COMPILER_APPICON_NAME = AppIcon;
				ASSETCATALOG_COMPILER_GLOBAL_ACCENT_COLOR_NAME = AccentColor;
				CODE_SIGN_STYLE = Automatic;
				INFOPLIST_FILE = keyflowtest/Info.plist;
				LD_RUNPATH_SEARCH_PATHS = (
					"$(inherited)",
					"@executable_path/Frameworks",
				);
				PRODUCT_BUNDLE_IDENTIFIER = sfoxmodel.keyflowtest;
				PRODUCT_NAME = "$(TARGET_NAME)";
				SWIFT_VERSION = 5.0;
				TARGETED_DEVICE_FAMILY = "1,2";
			};
			name = Debug;
		};
		CF16A29C265C2DA100FA8D4F /* Release */ = {
			isa = XCBuildConfiguration;
			buildSettings = {
				ASSETCATALOG_COMPILER_APPICON_NAME = AppIcon;
				ASSETCATALOG_COMPILER_GLOBAL_ACCENT_COLOR_NAME = AccentColor;
				CODE_SIGN_STYLE = Automatic;
				INFOPLIST_FILE = keyflowtest/Info.plist;
				LD_RUNPATH_SEARCH_PATHS = (
					"$(inherited)",
					"@executable_path/Frameworks",
				);
				PRODUCT_BUNDLE_IDENTIFIER = sfoxmodel.keyflowtest;
				PRODUCT_NAME = "$(TARGET_NAME)";
				SWIFT_VERSION = 5.0;
				TARGETED_DEVICE_FAMILY = "1,2";
			};
			name = Release;
		};
/* End XCBuildConfiguration section */

/* Begin XCConfigurationList section */
		CF16A27E265C2DA000FA8D4F /* Build configuration list for PBXProject "keyflowtest" */ = {
			isa = XCConfigurationList;
			buildConfigurations = (
				CF16A298265C2DA100FA8D4F /* Debug */,
				CF16A299265C2DA100FA8D4F /* Release */,
			);
			defaultConfigurationIsVisible = 0;
			defaultConfigurationName = Release;
		};
		CF16A29A265C2DA100FA8D4F /* Build configuration list for PBXNativeTarget "keyflowtest" */ = {
			isa = XCConfigurationList;
			buildConfigurations = (
				CF16A29B265C2DA100FA8D4F /* Debug */,
				CF16A29C265C2DA100FA8D4F /* Release */,
			);
			defaultConfigurationIsVisible = 0;
			defaultConfigurationName = Release;
		};
/* End XCConfigurationList section */

/* Begin XCVersionGroup section */
		CF16A28F265C2DA000FA8D4F /* keyflowtest.xcdatamodeld */ = {
			isa = XCVersionGroup;
			children = (
				CF16A290265C2DA000FA8D4F /* keyflowtest.xcdatamodel */,
			);
			currentVersion = CF16A290265C2DA000FA8D4F /* keyflowtest.xcdatamodel */;
			path = keyflowtest.xcdatamodeld;
			sourceTree = "<group>";
			versionGroupType = wrapper.xcdatamodel;
		};
/* End XCVersionGroup section */
	};
	rootObject = CF16A27B265C2DA000FA8D4F /* Project object */;
}
